
Microsoft Visual Studio Solution File, Format Version 12.00
# Visual Studio 14
VisualStudioVersion = 14.0.23107.0
MinimumVisualStudioVersion = 10.0.40219.1
Project("{FAE04EC0-301F-11D3-BF4B-00C04F79EFBC}") = "PasswordKeeper", "PasswordKeeper\PasswordKeeper.csproj", "{865CD6E5-11CB-49B8-A8AD-DCF7559A488D}"
EndProject
Project("{FAE04EC0-301F-11D3-BF4B-00C04F79EFBC}") = "DatabaseTools", "DatabaseManager\DatabaseTools.csproj", "{D6D72CB8-7948-4741-9950-B8C3C361183C}"
	ProjectSection(ProjectDependencies) = postProject
		{2F0BF064-26B6-46EF-9324-11B62C1A9681} = {2F0BF064-26B6-46EF-9324-11B62C1A9681}
	EndProjectSection
EndProject
Project("{FAE04EC0-301F-11D3-BF4B-00C04F79EFBC}") = "Model", "Model\Model.csproj", "{05C29CD7-C781-4B3F-9F27-48FB90E36609}"
EndProject
Project("{FAE04EC0-301F-11D3-BF4B-00C04F79EFBC}") = "Common", "Common\Common.csproj", "{2F0BF064-26B6-46EF-9324-11B62C1A9681}"
EndProject
Global
	GlobalSection(SolutionConfigurationPlatforms) = preSolution
		Debug|Any CPU = Debug|Any CPU
		Debug|ARM = Debug|ARM
		Debug|x64 = Debug|x64
		Debug|x86 = Debug|x86
		Release|Any CPU = Release|Any CPU
		Release|ARM = Release|ARM
		Release|x64 = Release|x64
		Release|x86 = Release|x86
	EndGlobalSection
	GlobalSection(ProjectConfigurationPlatforms) = postSolution
		{865CD6E5-11CB-49B8-A8AD-DCF7559A488D}.Debug|Any CPU.ActiveCfg = Debug|x86
		{865CD6E5-11CB-49B8-A8AD-DCF7559A488D}.Debug|ARM.ActiveCfg = Debug|ARM
		{865CD6E5-11CB-49B8-A8AD-DCF7559A488D}.Debug|ARM.Build.0 = Debug|ARM
		{865CD6E5-11CB-49B8-A8AD-DCF7559A488D}.Debug|ARM.Deploy.0 = Debug|ARM
		{865CD6E5-11CB-49B8-A8AD-DCF7559A488D}.Debug|x64.ActiveCfg = Debug|x64
		{865CD6E5-11CB-49B8-A8AD-DCF7559A488D}.Debug|x64.Build.0 = Debug|x64
		{865CD6E5-11CB-49B8-A8AD-DCF7559A488D}.Debug|x64.Deploy.0 = Debug|x64
		{865CD6E5-11CB-49B8-A8AD-DCF7559A488D}.Debug|x86.ActiveCfg = Debug|x86
		{865CD6E5-11CB-49B8-A8AD-DCF7559A488D}.Debug|x86.Build.0 = Debug|x86
		{865CD6E5-11CB-49B8-A8AD-DCF7559A488D}.Debug|x86.Deploy.0 = Debug|x86
		{865CD6E5-11CB-49B8-A8AD-DCF7559A488D}.Release|Any CPU.ActiveCfg = Release|x86
		{865CD6E5-11CB-49B8-A8AD-DCF7559A488D}.Release|ARM.ActiveCfg = Release|ARM
		{865CD6E5-11CB-49B8-A8AD-DCF7559A488D}.Release|ARM.Build.0 = Release|ARM
		{865CD6E5-11CB-49B8-A8AD-DCF7559A488D}.Release|ARM.Deploy.0 = Release|ARM
		{865CD6E5-11CB-49B8-A8AD-DCF7559A488D}.Release|x64.ActiveCfg = Release|x64
		{865CD6E5-11CB-49B8-A8AD-DCF7559A488D}.Release|x64.Build.0 = Release|x64
		{865CD6E5-11CB-49B8-A8AD-DCF7559A488D}.Release|x64.Deploy.0 = Release|x64
		{865CD6E5-11CB-49B8-A8AD-DCF7559A488D}.Release|x86.ActiveCfg = Release|x86
		{865CD6E5-11CB-49B8-A8AD-DCF7559A488D}.Release|x86.Build.0 = Release|x86
		{865CD6E5-11CB-49B8-A8AD-DCF7559A488D}.Release|x86.Deploy.0 = Release|x86
		{D6D72CB8-7948-4741-9950-B8C3C361183C}.Debug|Any CPU.ActiveCfg = Debug|Any CPU
		{D6D72CB8-7948-4741-9950-B8C3C361183C}.Debug|Any CPU.Build.0 = Debug|Any CPU
		{D6D72CB8-7948-4741-9950-B8C3C361183C}.Debug|ARM.ActiveCfg = Debug|ARM
		{D6D72CB8-7948-4741-9950-B8C3C361183C}.Debug|ARM.Build.0 = Debug|ARM
		{D6D72CB8-7948-4741-9950-B8C3C361183C}.Debug|x64.ActiveCfg = Debug|x64
		{D6D72CB8-7948-4741-9950-B8C3C361183C}.Debug|x64.Build.0 = Debug|x64
		{D6D72CB8-7948-4741-9950-B8C3C361183C}.Debug|x86.ActiveCfg = Debug|x86
		{D6D72CB8-7948-4741-9950-B8C3C361183C}.Debug|x86.Build.0 = Debug|x86
		{D6D72CB8-7948-4741-9950-B8C3C361183C}.Release|Any CPU.ActiveCfg = Release|Any CPU
		{D6D72CB8-7948-4741-9950-B8C3C361183C}.Release|Any CPU.Build.0 = Release|Any CPU
		{D6D72CB8-7948-4741-9950-B8C3C361183C}.Release|ARM.ActiveCfg = Release|ARM
		{D6D72CB8-7948-4741-9950-B8C3C361183C}.Release|ARM.Build.0 = Release|ARM
		{D6D72CB8-7948-4741-9950-B8C3C361183C}.Release|x64.ActiveCfg = Release|x64
		{D6D72CB8-7948-4741-9950-B8C3C361183C}.Release|x64.Build.0 = Release|x64
		{D6D72CB8-7948-4741-9950-B8C3C361183C}.Release|x86.ActiveCfg = Release|x86
		{D6D72CB8-7948-4741-9950-B8C3C361183C}.Release|x86.Build.0 = Release|x86
		{05C29CD7-C781-4B3F-9F27-48FB90E36609}.Debug|Any CPU.ActiveCfg = Debug|Any CPU
		{05C29CD7-C781-4B3F-9F27-48FB90E36609}.Debug|Any CPU.Build.0 = Debug|Any CPU
		{05C29CD7-C781-4B3F-9F27-48FB90E36609}.Debug|ARM.ActiveCfg = Debug|ARM
		{05C29CD7-C781-4B3F-9F27-48FB90E36609}.Debug|ARM.Build.0 = Debug|ARM
		{05C29CD7-C781-4B3F-9F27-48FB90E36609}.Debug|x64.ActiveCfg = Debug|x64
		{05C29CD7-C781-4B3F-9F27-48FB90E36609}.Debug|x64.Build.0 = Debug|x64
		{05C29CD7-C781-4B3F-9F27-48FB90E36609}.Debug|x86.ActiveCfg = Debug|x86
		{05C29CD7-C781-4B3F-9F27-48FB90E36609}.Debug|x86.Build.0 = Debug|x86
		{05C29CD7-C781-4B3F-9F27-48FB90E36609}.Release|Any CPU.ActiveCfg = Release|Any CPU
		{05C29CD7-C781-4B3F-9F27-48FB90E36609}.Release|Any CPU.Build.0 = Release|Any CPU
		{05C29CD7-C781-4B3F-9F27-48FB90E36609}.Release|ARM.ActiveCfg = Release|ARM
		{05C29CD7-C781-4B3F-9F27-48FB90E36609}.Release|ARM.Build.0 = Release|ARM
		{05C29CD7-C781-4B3F-9F27-48FB90E36609}.Release|x64.ActiveCfg = Release|x64
		{05C29CD7-C781-4B3F-9F27-48FB90E36609}.Release|x64.Build.0 = Release|x64
		{05C29CD7-C781-4B3F-9F27-48FB90E36609}.Release|x86.ActiveCfg = Release|x86
		{05C29CD7-C781-4B3F-9F27-48FB90E36609}.Release|x86.Build.0 = Release|x86
		{2F0BF064-26B6-46EF-9324-11B62C1A9681}.Debug|Any CPU.ActiveCfg = Debug|Any CPU
		{2F0BF064-26B6-46EF-9324-11B62C1A9681}.Debug|Any CPU.Build.0 = Debug|Any CPU
		{2F0BF064-26B6-46EF-9324-11B62C1A9681}.Debug|ARM.ActiveCfg = Debug|ARM
		{2F0BF064-26B6-46EF-9324-11B62C1A9681}.Debug|ARM.Build.0 = Debug|ARM
		{2F0BF064-26B6-46EF-9324-11B62C1A9681}.Debug|x64.ActiveCfg = Debug|x64
		{2F0BF064-26B6-46EF-9324-11B62C1A9681}.Debug|x64.Build.0 = Debug|x64
		{2F0BF064-26B6-46EF-9324-11B62C1A9681}.Debug|x86.ActiveCfg = Debug|x86
		{2F0BF064-26B6-46EF-9324-11B62C1A9681}.Debug|x86.Build.0 = Debug|x86
		{2F0BF064-26B6-46EF-9324-11B62C1A9681}.Release|Any CPU.ActiveCfg = Release|Any CPU
		{2F0BF064-26B6-46EF-9324-11B62C1A9681}.Release|Any CPU.Build.0 = Release|Any CPU
		{2F0BF064-26B6-46EF-9324-11B62C1A9681}.Release|ARM.ActiveCfg = Release|ARM
		{2F0BF064-26B6-46EF-9324-11B62C1A9681}.Release|ARM.Build.0 = Release|ARM
		{2F0BF064-26B6-46EF-9324-11B62C1A9681}.Release|x64.ActiveCfg = Release|x64
		{2F0BF064-26B6-46EF-9324-11B62C1A9681}.Release|x64.Build.0 = Release|x64
		{2F0BF064-26B6-46EF-9324-11B62C1A9681}.Release|x86.ActiveCfg = Release|x86
		{2F0BF064-26B6-46EF-9324-11B62C1A9681}.Release|x86.Build.0 = Release|x86
	EndGlobalSection
	GlobalSection(SolutionProperties) = preSolution
		HideSolutionNode = FALSE
	EndGlobalSection
EndGlobal
